# This file is autogenerated, do not edit; changes may be undone by the next 'dep ensure'.


[[projects]]
  name = "github.com/go-yaml/yaml"
  packages = ["."]
  revision = "51d6538a90f86fe93ac480b35f37b2be17fef232"
  version = "v2.2.2"

[solve-meta]
  analyzer-name = "dep"
  analyzer-version = 1
  inputs-digest = "9cd034991050720dbb8d171a7af7586902121a6b4314f328c8cfca505a430784"
  solver-name = "gps-cdcl"
  solver-version = 1
